{
  "nodes": {
    "gen-prelude": {
      "locked": {
        "lastModified": 1786239838,
        "narHash": "sha256-Z+fLq4FsOaBNyrtfEwhwwOmihSFnHe+Jf47VNsW9lZQ=",
        "owner": "sini",
        "repo": "gen-prelude",
        "rev": "da7056327e5f8312d73d51895039a1f319166cd4",
        "type": "github"
      },
      "original": {
        "owner": "sini",
        "repo": "gen-prelude",
        "type": "github"
      }
    },
    "root": {
      "inputs": {
        "gen-prelude": "gen-prelude"
      }
    }
  },
  "root": "root",
  "version": 7
}
