{
  "nodes": {
    "gen-prelude": {
      "locked": {
        "lastModified": 1786595333,
        "narHash": "sha256-9loi/kuvayA/3jM9oiCV9amCIksxO1SivXEhWnKLBLg=",
        "owner": "sini",
        "repo": "gen-prelude",
        "rev": "57881cb5236bb3fd6be81a728e3274e4e60f754c",
        "type": "github"
      },
      "original": {
        "owner": "sini",
        "repo": "gen-prelude",
        "type": "github"
      }
    },
    "root": {
      "inputs": {
        "gen-prelude": "gen-prelude"
      }
    }
  },
  "root": "root",
  "version": 7
}
