{
  "nodes": {
    "gen-prelude": {
      "locked": {
        "lastModified": 1791109638,
        "narHash": "sha256-tieU6rXSP3w7wztA2uDESJhXxx5P+Kq54CiQGPjfZL8=",
        "owner": "sini",
        "repo": "gen-prelude",
        "rev": "ae1ce688234e53253462384be66c9f523cdf421e",
        "type": "github"
      },
      "original": {
        "owner": "sini",
        "repo": "gen-prelude",
        "type": "github"
      }
    },
    "root": {
      "inputs": {
        "gen-prelude": "gen-prelude"
      }
    }
  },
  "root": "root",
  "version": 7
}
